
Microsoft Visual Studio Solution File, Format Version 12.00
# Visual Studio Version 17
VisualStudioVersion = 17.4.33205.214
MinimumVisualStudioVersion = 10.0.40219.1
Project("{FAE04EC0-301F-11D3-BF4B-00C04F79EFBC}") = "CafeOtomasyonu", "CafeOtomasyonu\CafeOtomasyonu.csproj", "{8671FB18-D146-4AE8-BA82-A0C50D675D1F}"
EndProject
Global
	GlobalSection(SolutionConfigurationPlatforms) = preSolution
		Debug|Any CPU = Debug|Any CPU
		Release|Any CPU = Release|Any CPU
	EndGlobalSection
	GlobalSection(ProjectConfigurationPlatforms) = postSolution
		{8671FB18-D146-4AE8-BA82-A0C50D675D1F}.Debug|Any CPU.ActiveCfg = Debug|Any CPU
		{8671FB18-D146-4AE8-BA82-A0C50D675D1F}.Debug|Any CPU.Build.0 = Debug|Any CPU
		{8671FB18-D146-4AE8-BA82-A0C50D675D1F}.Release|Any CPU.ActiveCfg = Release|Any CPU
		{8671FB18-D146-4AE8-BA82-A0C50D675D1F}.Release|Any CPU.Build.0 = Release|Any CPU
	EndGlobalSection
	GlobalSection(SolutionProperties) = preSolution
		HideSolutionNode = FALSE
	EndGlobalSection
	GlobalSection(ExtensibilityGlobals) = postSolution
		SolutionGuid = {84DC63ED-2956-468F-991F-878769128DE7}
	EndGlobalSection
EndGlobal
